
Microsoft Visual Studio Solution File, Format Version 12.00
# Visual Studio 15
VisualStudioVersion = 15.0.27703.2047
MinimumVisualStudioVersion = 10.0.40219.1
Project("{FAE04EC0-301F-11D3-BF4B-00C04F79EFBC}") = "CreatingAfarm", "CreatingAfarm\CreatingAfarm.csproj", "{1CD44586-7F83-4490-A933-AC8AB9CF6FB8}"
EndProject
Global
	GlobalSection(SolutionConfigurationPlatforms) = preSolution
		Debug|Any CPU = Debug|Any CPU
		Release|Any CPU = Release|Any CPU
	EndGlobalSection
	GlobalSection(ProjectConfigurationPlatforms) = postSolution
		{1CD44586-7F83-4490-A933-AC8AB9CF6FB8}.Debug|Any CPU.ActiveCfg = Debug|Any CPU
		{1CD44586-7F83-4490-A933-AC8AB9CF6FB8}.Debug|Any CPU.Build.0 = Debug|Any CPU
		{1CD44586-7F83-4490-A933-AC8AB9CF6FB8}.Release|Any CPU.ActiveCfg = Release|Any CPU
		{1CD44586-7F83-4490-A933-AC8AB9CF6FB8}.Release|Any CPU.Build.0 = Release|Any CPU
	EndGlobalSection
	GlobalSection(SolutionProperties) = preSolution
		HideSolutionNode = FALSE
	EndGlobalSection
	GlobalSection(ExtensibilityGlobals) = postSolution
		SolutionGuid = {937FA7FD-3D29-429B-84AE-E67F48B18E4E}
	EndGlobalSection
EndGlobal
